
Microsoft Visual Studio Solution File, Format Version 12.00
# Visual Studio Version 16
VisualStudioVersion = 16.0.808.0
MinimumVisualStudioVersion = 10.0.40219.1
Project("{FAE04EC0-301F-11D3-BF4B-00C04F79EFBC}") = "XFEGeocoderSample.Android", "XFEGeocoderSample.Android\XFEGeocoderSample.Android.csproj", "{80B0DF50-5618-49E4-8AF5-DE462F6B3E8A}"
EndProject
Project("{FAE04EC0-301F-11D3-BF4B-00C04F79EFBC}") = "XFEGeocoderSample.iOS", "XFEGeocoderSample.iOS\XFEGeocoderSample.iOS.csproj", "{A1F0A875-4983-4F32-B842-74A8D6603D0D}"
EndProject
Project("{FAE04EC0-301F-11D3-BF4B-00C04F79EFBC}") = "XFEGeocoderSample", "XFEGeocoderSample\XFEGeocoderSample.csproj", "{A49991FE-889E-4556-8D10-995575DFB9A9}"
EndProject
Global
	GlobalSection(SolutionConfigurationPlatforms) = preSolution
		Debug|Any CPU = Debug|Any CPU
		Release|Any CPU = Release|Any CPU
		Debug|iPhoneSimulator = Debug|iPhoneSimulator
		Release|iPhoneSimulator = Release|iPhoneSimulator
		Debug|iPhone = Debug|iPhone
		Release|iPhone = Release|iPhone
	EndGlobalSection
	GlobalSection(ProjectConfigurationPlatforms) = postSolution
		{80B0DF50-5618-49E4-8AF5-DE462F6B3E8A}.Debug|Any CPU.ActiveCfg = Debug|Any CPU
		{80B0DF50-5618-49E4-8AF5-DE462F6B3E8A}.Debug|Any CPU.Build.0 = Debug|Any CPU
		{80B0DF50-5618-49E4-8AF5-DE462F6B3E8A}.Release|Any CPU.ActiveCfg = Release|Any CPU
		{80B0DF50-5618-49E4-8AF5-DE462F6B3E8A}.Release|Any CPU.Build.0 = Release|Any CPU
		{80B0DF50-5618-49E4-8AF5-DE462F6B3E8A}.Debug|iPhoneSimulator.ActiveCfg = Debug|Any CPU
		{80B0DF50-5618-49E4-8AF5-DE462F6B3E8A}.Debug|iPhoneSimulator.Build.0 = Debug|Any CPU
		{80B0DF50-5618-49E4-8AF5-DE462F6B3E8A}.Release|iPhoneSimulator.ActiveCfg = Release|Any CPU
		{80B0DF50-5618-49E4-8AF5-DE462F6B3E8A}.Release|iPhoneSimulator.Build.0 = Release|Any CPU
		{80B0DF50-5618-49E4-8AF5-DE462F6B3E8A}.Debug|iPhone.ActiveCfg = Debug|Any CPU
		{80B0DF50-5618-49E4-8AF5-DE462F6B3E8A}.Debug|iPhone.Build.0 = Debug|Any CPU
		{80B0DF50-5618-49E4-8AF5-DE462F6B3E8A}.Release|iPhone.ActiveCfg = Release|Any CPU
		{80B0DF50-5618-49E4-8AF5-DE462F6B3E8A}.Release|iPhone.Build.0 = Release|Any CPU
		{A1F0A875-4983-4F32-B842-74A8D6603D0D}.Debug|Any CPU.ActiveCfg = Debug|iPhoneSimulator
		{A1F0A875-4983-4F32-B842-74A8D6603D0D}.Debug|Any CPU.Build.0 = Debug|iPhoneSimulator
		{A1F0A875-4983-4F32-B842-74A8D6603D0D}.Release|Any CPU.ActiveCfg = Release|iPhoneSimulator
		{A1F0A875-4983-4F32-B842-74A8D6603D0D}.Release|Any CPU.Build.0 = Release|iPhoneSimulator
		{A1F0A875-4983-4F32-B842-74A8D6603D0D}.Debug|iPhoneSimulator.ActiveCfg = Debug|iPhoneSimulator
		{A1F0A875-4983-4F32-B842-74A8D6603D0D}.Debug|iPhoneSimulator.Build.0 = Debug|iPhoneSimulator
		{A1F0A875-4983-4F32-B842-74A8D6603D0D}.Release|iPhoneSimulator.ActiveCfg = Release|iPhoneSimulator
		{A1F0A875-4983-4F32-B842-74A8D6603D0D}.Release|iPhoneSimulator.Build.0 = Release|iPhoneSimulator
		{A1F0A875-4983-4F32-B842-74A8D6603D0D}.Debug|iPhone.ActiveCfg = Debug|iPhone
		{A1F0A875-4983-4F32-B842-74A8D6603D0D}.Debug|iPhone.Build.0 = Debug|iPhone
		{A1F0A875-4983-4F32-B842-74A8D6603D0D}.Release|iPhone.ActiveCfg = Release|iPhone
		{A1F0A875-4983-4F32-B842-74A8D6603D0D}.Release|iPhone.Build.0 = Release|iPhone
		{A49991FE-889E-4556-8D10-995575DFB9A9}.Debug|Any CPU.ActiveCfg = Debug|Any CPU
		{A49991FE-889E-4556-8D10-995575DFB9A9}.Debug|Any CPU.Build.0 = Debug|Any CPU
		{A49991FE-889E-4556-8D10-995575DFB9A9}.Release|Any CPU.ActiveCfg = Release|Any CPU
		{A49991FE-889E-4556-8D10-995575DFB9A9}.Release|Any CPU.Build.0 = Release|Any CPU
		{A49991FE-889E-4556-8D10-995575DFB9A9}.Debug|iPhoneSimulator.ActiveCfg = Debug|Any CPU
		{A49991FE-889E-4556-8D10-995575DFB9A9}.Debug|iPhoneSimulator.Build.0 = Debug|Any CPU
		{A49991FE-889E-4556-8D10-995575DFB9A9}.Release|iPhoneSimulator.ActiveCfg = Release|Any CPU
		{A49991FE-889E-4556-8D10-995575DFB9A9}.Release|iPhoneSimulator.Build.0 = Release|Any CPU
		{A49991FE-889E-4556-8D10-995575DFB9A9}.Debug|iPhone.ActiveCfg = Debug|Any CPU
		{A49991FE-889E-4556-8D10-995575DFB9A9}.Debug|iPhone.Build.0 = Debug|Any CPU
		{A49991FE-889E-4556-8D10-995575DFB9A9}.Release|iPhone.ActiveCfg = Release|Any CPU
		{A49991FE-889E-4556-8D10-995575DFB9A9}.Release|iPhone.Build.0 = Release|Any CPU
	EndGlobalSection
	GlobalSection(SolutionProperties) = preSolution
		HideSolutionNode = FALSE
	EndGlobalSection
	GlobalSection(ExtensibilityGlobals) = postSolution
		SolutionGuid = {6B5E8C30-41DC-4EA6-AD90-9BE163080992}
	EndGlobalSection
EndGlobal
